// !$*UTF8*$!
{
	archiveVersion = 1;
	classes = {
	};
	objectVersion = 48;
	objects = {

/* Begin PBXBuildFile section */
		7BF5DD0E2020CFC800DD9247 /* AppDelegate.swift in Sources */ = {isa = PBXBuildFile; fileRef = 7BF5DD0D2020CFC800DD9247 /* AppDelegate.swift */; };
		7BF5DD132020CFC800DD9247 /* Main.storyboard in Resources */ = {isa = PBXBuildFile; fileRef = 7BF5DD112020CFC800DD9247 /* Main.storyboard */; };
		7BF5DD152020CFC800DD9247 /* Assets.xcassets in Resources */ = {isa = PBXBuildFile; fileRef = 7BF5DD142020CFC800DD9247 /* Assets.xcassets */; };
		7BF5DD182020CFC800DD9247 /* LaunchScreen.storyboard in Resources */ = {isa = PBXBuildFile; fileRef = 7BF5DD162020CFC800DD9247 /* LaunchScreen.storyboard */; };
		7BF5DD202020D24500DD9247 /* ViewController.swift in Sources */ = {isa = PBXBuildFile; fileRef = 7BF5DD1F2020D24500DD9247 /* ViewController.swift */; };
		7BF5DD222020D83D00DD9247 /* FibonachiTableViewCell.swift in Sources */ = {isa = PBXBuildFile; fileRef = 7BF5DD212020D83D00DD9247 /* FibonachiTableViewCell.swift */; };
/* End PBXBuildFile section */

/* Begin PBXFileReference section */
		7BF5DD0A2020CFC800DD9247 /* find-fibonachi.app */ = {isa = PBXFileReference; explicitFileType = wrapper.application; includeInIndex = 0; path = "find-fibonachi.app"; sourceTree = BUILT_PRODUCTS_DIR; };
		7BF5DD0D2020CFC800DD9247 /* AppDelegate.swift */ = {isa = PBXFileReference; lastKnownFileType = sourcecode.swift; path = AppDelegate.swift; sourceTree = "<group>"; };
		7BF5DD122020CFC800DD9247 /* Base */ = {isa = PBXFileReference; lastKnownFileType = file.storyboard; name = Base; path = Base.lproj/Main.storyboard; sourceTree = "<group>"; };
		7BF5DD142020CFC800DD9247 /* Assets.xcassets */ = {isa = PBXFileReference; lastKnownFileType = folder.assetcatalog; path = Assets.xcassets; sourceTree = "<group>"; };
		7BF5DD172020CFC800DD9247 /* Base */ = {isa = PBXFileReference; lastKnownFileType = file.storyboard; name = Base; path = Base.lproj/LaunchScreen.storyboard; sourceTree = "<group>"; };
		7BF5DD192020CFC800DD9247 /* Info.plist */ = {isa = PBXFileReference; lastKnownFileType = text.plist.xml; path = Info.plist; sourceTree = "<group>"; };
		7BF5DD1F2020D24500DD9247 /* ViewController.swift */ = {isa = PBXFileReference; lastKnownFileType = sourcecode.swift; path = ViewController.swift; sourceTree = "<group>"; };
		7BF5DD212020D83D00DD9247 /* FibonachiTableViewCell.swift */ = {isa = PBXFileReference; lastKnownFileType = sourcecode.swift; path = FibonachiTableViewCell.swift; sourceTree = "<group>"; };
/* End PBXFileReference section */

/* Begin PBXFrameworksBuildPhase section */
		7BF5DD072020CFC800DD9247 /* Frameworks */ = {
			isa = PBXFrameworksBuildPhase;
			buildActionMask = 2147483647;
			files = (
			);
			runOnlyForDeploymentPostprocessing = 0;
		};
/* End PBXFrameworksBuildPhase section */

/* Begin PBXGroup section */
		7BF5DD012020CFC700DD9247 = {
			isa = PBXGroup;
			children = (
				7BF5DD0C2020CFC800DD9247 /* find-fibonachi */,
				7BF5DD0B2020CFC800DD9247 /* Products */,
			);
			sourceTree = "<group>";
		};
		7BF5DD0B2020CFC800DD9247 /* Products */ = {
			isa = PBXGroup;
			children = (
				7BF5DD0A2020CFC800DD9247 /* find-fibonachi.app */,
			);
			name = Products;
			sourceTree = "<group>";
		};
		7BF5DD0C2020CFC800DD9247 /* find-fibonachi */ = {
			isa = PBXGroup;
			children = (
				7BF5DD0D2020CFC800DD9247 /* AppDelegate.swift */,
				7BF5DD112020CFC800DD9247 /* Main.storyboard */,
				7BF5DD142020CFC800DD9247 /* Assets.xcassets */,
				7BF5DD162020CFC800DD9247 /* LaunchScreen.storyboard */,
				7BF5DD192020CFC800DD9247 /* Info.plist */,
				7BF5DD1F2020D24500DD9247 /* ViewController.swift */,
				7BF5DD212020D83D00DD9247 /* FibonachiTableViewCell.swift */,
			);
			path = "find-fibonachi";
			sourceTree = "<group>";
		};
/* End PBXGroup section */

/* Begin PBXNativeTarget section */
		7BF5DD092020CFC800DD9247 /* find-fibonachi */ = {
			isa = PBXNativeTarget;
			buildConfigurationList = 7BF5DD1C2020CFC800DD9247 /* Build configuration list for PBXNativeTarget "find-fibonachi" */;
			buildPhases = (
				7BF5DD062020CFC800DD9247 /* Sources */,
				7BF5DD072020CFC800DD9247 /* Frameworks */,
				7BF5DD082020CFC800DD9247 /* Resources */,
			);
			buildRules = (
			);
			dependencies = (
			);
			name = "find-fibonachi";
			productName = "find-fibonachi";
			productReference = 7BF5DD0A2020CFC800DD9247 /* find-fibonachi.app */;
			productType = "com.apple.product-type.application";
		};
/* End PBXNativeTarget section */

/* Begin PBXProject section */
		7BF5DD022020CFC700DD9247 /* Project object */ = {
			isa = PBXProject;
			attributes = {
				LastSwiftUpdateCheck = 0920;
				LastUpgradeCheck = 0920;
				ORGANIZATIONNAME = "Artsiom Sadyryn";
				TargetAttributes = {
					7BF5DD092020CFC800DD9247 = {
						CreatedOnToolsVersion = 9.2;
						ProvisioningStyle = Automatic;
					};
				};
			};
			buildConfigurationList = 7BF5DD052020CFC700DD9247 /* Build configuration list for PBXProject "find-fibonachi" */;
			compatibilityVersion = "Xcode 8.0";
			developmentRegion = en;
			hasScannedForEncodings = 0;
			knownRegions = (
				en,
				Base,
			);
			mainGroup = 7BF5DD012020CFC700DD9247;
			productRefGroup = 7BF5DD0B2020CFC800DD9247 /* Products */;
			projectDirPath = "";
			projectRoot = "";
			targets = (
				7BF5DD092020CFC800DD9247 /* find-fibonachi */,
			);
		};
/* End PBXProject section */

/* Begin PBXResourcesBuildPhase section */
		7BF5DD082020CFC800DD9247 /* Resources */ = {
			isa = PBXResourcesBuildPhase;
			buildActionMask = 2147483647;
			files = (
				7BF5DD182020CFC800DD9247 /* LaunchScreen.storyboard in Resources */,
				7BF5DD152020CFC800DD9247 /* Assets.xcassets in Resources */,
				7BF5DD132020CFC800DD9247 /* Main.storyboard in Resources */,
			);
			runOnlyForDeploymentPostprocessing = 0;
		};
/* End PBXResourcesBuildPhase section */

/* Begin PBXSourcesBuildPhase section */
		7BF5DD062020CFC800DD9247 /* Sources */ = {
			isa = PBXSourcesBuildPhase;
			buildActionMask = 2147483647;
			files = (
				7BF5DD0E2020CFC800DD9247 /* AppDelegate.swift in Sources */,
				7BF5DD202020D24500DD9247 /* ViewController.swift in Sources */,
				7BF5DD222020D83D00DD9247 /* FibonachiTableViewCell.swift in Sources */,
			);
			runOnlyForDeploymentPostprocessing = 0;
		};
/* End PBXSourcesBuildPhase section */

/* Begin PBXVariantGroup section */
		7BF5DD112020CFC800DD9247 /* Main.storyboard */ = {
			isa = PBXVariantGroup;
			children = (
				7BF5DD122020CFC800DD9247 /* Base */,
			);
			name = Main.storyboard;
			sourceTree = "<group>";
		};
		7BF5DD162020CFC800DD9247 /* LaunchScreen.storyboard */ = {
			isa = PBXVariantGroup;
			children = (
				7BF5DD172020CFC800DD9247 /* Base */,
			);
			name = LaunchScreen.storyboard;
			sourceTree = "<group>";
		};
/* End PBXVariantGroup section */

/* Begin XCBuildConfiguration section */
		7BF5DD1A2020CFC800DD9247 /* Debug */ = {
			isa = XCBuildConfiguration;
			buildSettings = {
				ALWAYS_SEARCH_USER_PATHS = NO;
				CLANG_ANALYZER_NONNULL = YES;
				CLANG_ANALYZER_NUMBER_OBJECT_CONVERSION = YES_AGGRESSIVE;
				CLANG_CXX_LANGUAGE_STANDARD = "gnu++14";
				CLANG_CXX_LIBRARY = "libc++";
				CLANG_ENABLE_MODULES = YES;
				CLANG_ENABLE_OBJC_ARC = YES;
				CLANG_WARN_BLOCK_CAPTURE_AUTORELEASING = YES;
				CLANG_WARN_BOOL_CONVERSION = YES;
				CLANG_WARN_COMMA = YES;
				CLANG_WARN_CONSTANT_CONVERSION = YES;
				CLANG_WARN_DIRECT_OBJC_ISA_USAGE = YES_ERROR;
				CLANG_WARN_DOCUMENTATION_COMMENTS = YES;
				CLANG_WARN_EMPTY_BODY = YES;
				CLANG_WARN_ENUM_CONVERSION = YES;
				CLANG_WARN_INFINITE_RECURSION = YES;
				CLANG_WARN_INT_CONVERSION = YES;
				CLANG_WARN_NON_LITERAL_NULL_CONVERSION = YES;
				CLANG_WARN_OBJC_LITERAL_CONVERSION = YES;
				CLANG_WARN_OBJC_ROOT_CLASS = YES_ERROR;
				CLANG_WARN_RANGE_LOOP_ANALYSIS = YES;
				CLANG_WARN_STRICT_PROTOTYPES = YES;
				CLANG_WARN_SUSPICIOUS_MOVE = YES;
				CLANG_WARN_UNGUARDED_AVAILABILITY = YES_AGGRESSIVE;
				CLANG_WARN_UNREACHABLE_CODE = YES;
				CLANG_WARN__DUPLICATE_METHOD_MATCH = YES;
				CODE_SIGN_IDENTITY = "iPhone Developer";
				COPY_PHASE_STRIP = NO;
				DEBUG_INFORMATION_FORMAT = dwarf;
				ENABLE_STRICT_OBJC_MSGSEND = YES;
				ENABLE_TESTABILITY = YES;
				GCC_C_LANGUAGE_STANDARD = gnu11;
				GCC_DYNAMIC_NO_PIC = NO;
				GCC_NO_COMMON_BLOCKS = YES;
				GCC_OPTIMIZATION_LEVEL = 0;
				GCC_PREPROCESSOR_DEFINITIONS = (
					"DEBUG=1",
					"$(inherited)",
				);
				GCC_WARN_64_TO_32_BIT_CONVERSION = YES;
				GCC_WARN_ABOUT_RETURN_TYPE = YES_ERROR;
				GCC_WARN_UNDECLARED_SELECTOR = YES;
				GCC_WARN_UNINITIALIZED_AUTOS = YES_AGGRESSIVE;
				GCC_WARN_UNUSED_FUNCTION = YES;
				GCC_WARN_UNUSED_VARIABLE = YES;
				IPHONEOS_DEPLOYMENT_TARGET = 11.2;
				MTL_ENABLE_DEBUG_INFO = YES;
				ONLY_ACTIVE_ARCH = YES;
				SDKROOT = iphoneos;
				SWIFT_ACTIVE_COMPILATION_CONDITIONS = DEBUG;
				SWIFT_OPTIMIZATION_LEVEL = "-Onone";
			};
			name = Debug;
		};
		7BF5DD1B2020CFC800DD9247 /* Release */ = {
			isa = XCBuildConfiguration;
			buildSettings = {
				ALWAYS_SEARCH_USER_PATHS = NO;
				CLANG_ANALYZER_NONNULL = YES;
				CLANG_ANALYZER_NUMBER_OBJECT_CONVERSION = YES_AGGRESSIVE;
				CLANG_CXX_LANGUAGE_STANDARD = "gnu++14";
				CLANG_CXX_LIBRARY = "libc++";
				CLANG_ENABLE_MODULES = YES;
				CLANG_ENABLE_OBJC_ARC = YES;
				CLANG_WARN_BLOCK_CAPTURE_AUTORELEASING = YES;
				CLANG_WARN_BOOL_CONVERSION = YES;
				CLANG_WARN_COMMA = YES;
				CLANG_WARN_CONSTANT_CONVERSION = YES;
				CLANG_WARN_DIRECT_OBJC_ISA_USAGE = YES_ERROR;
				CLANG_WARN_DOCUMENTATION_COMMENTS = YES;
				CLANG_WARN_EMPTY_BODY = YES;
				CLANG_WARN_ENUM_CONVERSION = YES;
				CLANG_WARN_INFINITE_RECURSION = YES;
				CLANG_WARN_INT_CONVERSION = YES;
				CLANG_WARN_NON_LITERAL_NULL_CONVERSION = YES;
				CLANG_WARN_OBJC_LITERAL_CONVERSION = YES;
				CLANG_WARN_OBJC_ROOT_CLASS = YES_ERROR;
				CLANG_WARN_RANGE_LOOP_ANALYSIS = YES;
				CLANG_WARN_STRICT_PROTOTYPES = YES;
				CLANG_WARN_SUSPICIOUS_MOVE = YES;
				CLANG_WARN_UNGUARDED_AVAILABILITY = YES_AGGRESSIVE;
				CLANG_WARN_UNREACHABLE_CODE = YES;
				CLANG_WARN__DUPLICATE_METHOD_MATCH = YES;
				CODE_SIGN_IDENTITY = "iPhone Developer";
				COPY_PHASE_STRIP = NO;
				DEBUG_INFORMATION_FORMAT = "dwarf-with-dsym";
				ENABLE_NS_ASSERTIONS = NO;
				ENABLE_STRICT_OBJC_MSGSEND = YES;
				GCC_C_LANGUAGE_STANDARD = gnu11;
				GCC_NO_COMMON_BLOCKS = YES;
				GCC_WARN_64_TO_32_BIT_CONVERSION = YES;
				GCC_WARN_ABOUT_RETURN_TYPE = YES_ERROR;
				GCC_WARN_UNDECLARED_SELECTOR = YES;
				GCC_WARN_UNINITIALIZED_AUTOS = YES_AGGRESSIVE;
				GCC_WARN_UNUSED_FUNCTION = YES;
				GCC_WARN_UNUSED_VARIABLE = YES;
				IPHONEOS_DEPLOYMENT_TARGET = 11.2;
				MTL_ENABLE_DEBUG_INFO = NO;
				SDKROOT = iphoneos;
				SWIFT_OPTIMIZATION_LEVEL = "-Owholemodule";
				VALIDATE_PRODUCT = YES;
			};
			name = Release;
		};
		7BF5DD1D2020CFC800DD9247 /* Debug */ = {
			isa = XCBuildConfiguration;
			buildSettings = {
				ASSETCATALOG_COMPILER_APPICON_NAME = AppIcon;
				CODE_SIGN_STYLE = Automatic;
				DEVELOPMENT_TEAM = 8LSCB2ZP9M;
				INFOPLIST_FILE = "find-fibonachi/Info.plist";
				LD_RUNPATH_SEARCH_PATHS = "$(inherited) @executable_path/Frameworks";
				PRODUCT_BUNDLE_IDENTIFIER = "io.github.artyomsadyrin.find-fibonachi";
				PRODUCT_NAME = "$(TARGET_NAME)";
				SWIFT_VERSION = 4.0;
				TARGETED_DEVICE_FAMILY = "1,2";
			};
			name = Debug;
		};
		7BF5DD1E2020CFC800DD9247 /* Release */ = {
			isa = XCBuildConfiguration;
			buildSettings = {
				ASSETCATALOG_COMPILER_APPICON_NAME = AppIcon;
				CODE_SIGN_STYLE = Automatic;
				DEVELOPMENT_TEAM = 8LSCB2ZP9M;
				INFOPLIST_FILE = "find-fibonachi/Info.plist";
				LD_RUNPATH_SEARCH_PATHS = "$(inherited) @executable_path/Frameworks";
				PRODUCT_BUNDLE_IDENTIFIER = "io.github.artyomsadyrin.find-fibonachi";
				PRODUCT_NAME = "$(TARGET_NAME)";
				SWIFT_VERSION = 4.0;
				TARGETED_DEVICE_FAMILY = "1,2";
			};
			name = Release;
		};
/* End XCBuildConfiguration section */

/* Begin XCConfigurationList section */
		7BF5DD052020CFC700DD9247 /* Build configuration list for PBXProject "find-fibonachi" */ = {
			isa = XCConfigurationList;
			buildConfigurations = (
				7BF5DD1A2020CFC800DD9247 /* Debug */,
				7BF5DD1B2020CFC800DD9247 /* Release */,
			);
			defaultConfigurationIsVisible = 0;
			defaultConfigurationName = Release;
		};
		7BF5DD1C2020CFC800DD9247 /* Build configuration list for PBXNativeTarget "find-fibonachi" */ = {
			isa = XCConfigurationList;
			buildConfigurations = (
				7BF5DD1D2020CFC800DD9247 /* Debug */,
				7BF5DD1E2020CFC800DD9247 /* Release */,
			);
			defaultConfigurationIsVisible = 0;
			defaultConfigurationName = Release;
		};
/* End XCConfigurationList section */
	};
	rootObject = 7BF5DD022020CFC700DD9247 /* Project object */;
}
