PODS:
  - BigInt (3.1.0):
    - SipHash (~> 1.2)
  - SipHash (1.2.2)

DEPENDENCIES:
  - BigInt (~> 3.1)

SPEC REPOS:
  https://github.com/cocoapods/specs.git:
    - BigInt
    - SipHash

SPEC CHECKSUMS:
  BigInt: 76b5dfdfa3e2e478d4ffdf161aeede5502e2742f
  SipHash: fad90a4683e420c52ef28063063dbbce248ea6d4

PODFILE CHECKSUM: 6532f49a3b8187065f8013c7086d455e2c78719b

COCOAPODS: 1.6.0
